
Microsoft Visual Studio Solution File, Format Version 12.00
# Visual Studio Version 17
VisualStudioVersion = 17.6.33723.286
MinimumVisualStudioVersion = 10.0.40219.1
Project("{2150E333-8FDC-42A3-9474-1A3956D46DE8}") = "CSharp", "CSharp", "{F79CCF43-803C-4BC3-8CF0-50F6B03CF0B7}"
EndProject
Project("{9A19103F-16F7-4668-BE54-9A1E7A4F7556}") = "Engine", "CSharp\Engine\Engine.csproj", "{64FD3643-FD9F-48AD-9E71-8D631B57DF3E}"
EndProject
Project("{9A19103F-16F7-4668-BE54-9A1E7A4F7556}") = "Template", "CSharp\Template\Template.csproj", "{BF4EEE0B-993C-43C5-9941-63E6F440FFA5}"
EndProject
Project("{2150E333-8FDC-42A3-9474-1A3956D46DE8}") = "App", "App", "{4CC1E59E-F678-4DC3-873D-C8A214A581AB}"
EndProject
Project("{9A19103F-16F7-4668-BE54-9A1E7A4F7556}") = "StreammingAudioPlayer", "CSharp\App\StreammingAudioPlayer\StreammingAudioPlayer.csproj", "{BA97AD79-FFF0-4F97-9E8A-33E567F6C091}"
EndProject
Project("{2150E333-8FDC-42A3-9474-1A3956D46DE8}") = "Tool", "Tool", "{F55A3145-C2C4-467A-9A0F-796257C342D2}"
EndProject
Project("{9A19103F-16F7-4668-BE54-9A1E7A4F7556}") = "CSourceBuilder", "Tool\CSourceBuilder\CSourceBuilder.csproj", "{17D2B6A1-50BD-473E-83A4-9D739D2301B8}"
EndProject
Project("{8BC9CEB8-8B4A-11D0-8D11-00A0C91BC942}") = "ImageConversion", "Tool\ImageConversion\ImageConversion.vcxproj", "{0D25D1AA-E02E-441D-936B-4F17759BF083}"
EndProject
Project("{2150E333-8FDC-42A3-9474-1A3956D46DE8}") = "C", "C", "{18B5C395-D12E-48E2-8891-BECADC489CFC}"
EndProject
Project("{8BC9CEB8-8B4A-11D0-8D11-00A0C91BC942}") = "Engine", "C\Engine\Engine.vcxproj", "{B300BA64-2C5D-4C2C-AD9E-F053236ED3B3}"
EndProject
Project("{8BC9CEB8-8B4A-11D0-8D11-00A0C91BC942}") = "Template", "C\Template\Template.vcxproj", "{4B28D7E3-5140-4795-8C26-536EDDB54E89}"
EndProject
Project("{2150E333-8FDC-42A3-9474-1A3956D46DE8}") = "Game", "Game", "{76A613DA-7EFF-4A04-ACCA-6544769B5883}"
EndProject
Project("{8BC9CEB8-8B4A-11D0-8D11-00A0C91BC942}") = "Tetris", "C\Game\Tetris\Tetris.vcxproj", "{35171BEB-8313-420B-BF78-5CA93609D9B0}"
EndProject
Project("{2150E333-8FDC-42A3-9474-1A3956D46DE8}") = "App", "App", "{197F083F-9293-4ACA-AC09-4A30D2FEB1C8}"
EndProject
Project("{8BC9CEB8-8B4A-11D0-8D11-00A0C91BC942}") = "BitmapViewer", "C\App\BitmapViewer\BitmapViewer.vcxproj", "{96DB812F-18B8-448E-8EEB-8B6168E96D0F}"
EndProject
Project("{8BC9CEB8-8B4A-11D0-8D11-00A0C91BC942}") = "StreammingAudioPlayer", "C\App\StreammingAudioPlayer\StreammingAudioPlayer.vcxproj", "{96F97244-3E68-476D-B58B-5061BBC93B07}"
EndProject
Global
	GlobalSection(SolutionConfigurationPlatforms) = preSolution
		Debug|Any CPU = Debug|Any CPU
		Debug|x64 = Debug|x64
		Debug|x86 = Debug|x86
		Release|Any CPU = Release|Any CPU
		Release|x64 = Release|x64
		Release|x86 = Release|x86
	EndGlobalSection
	GlobalSection(ProjectConfigurationPlatforms) = postSolution
		{64FD3643-FD9F-48AD-9E71-8D631B57DF3E}.Debug|Any CPU.ActiveCfg = Debug|Any CPU
		{64FD3643-FD9F-48AD-9E71-8D631B57DF3E}.Debug|Any CPU.Build.0 = Debug|Any CPU
		{64FD3643-FD9F-48AD-9E71-8D631B57DF3E}.Debug|x64.ActiveCfg = Debug|Any CPU
		{64FD3643-FD9F-48AD-9E71-8D631B57DF3E}.Debug|x64.Build.0 = Debug|Any CPU
		{64FD3643-FD9F-48AD-9E71-8D631B57DF3E}.Debug|x86.ActiveCfg = Debug|Any CPU
		{64FD3643-FD9F-48AD-9E71-8D631B57DF3E}.Debug|x86.Build.0 = Debug|Any CPU
		{64FD3643-FD9F-48AD-9E71-8D631B57DF3E}.Release|Any CPU.ActiveCfg = Release|Any CPU
		{64FD3643-FD9F-48AD-9E71-8D631B57DF3E}.Release|Any CPU.Build.0 = Release|Any CPU
		{64FD3643-FD9F-48AD-9E71-8D631B57DF3E}.Release|x64.ActiveCfg = Release|Any CPU
		{64FD3643-FD9F-48AD-9E71-8D631B57DF3E}.Release|x64.Build.0 = Release|Any CPU
		{64FD3643-FD9F-48AD-9E71-8D631B57DF3E}.Release|x86.ActiveCfg = Release|Any CPU
		{64FD3643-FD9F-48AD-9E71-8D631B57DF3E}.Release|x86.Build.0 = Release|Any CPU
		{BF4EEE0B-993C-43C5-9941-63E6F440FFA5}.Debug|Any CPU.ActiveCfg = Debug|Any CPU
		{BF4EEE0B-993C-43C5-9941-63E6F440FFA5}.Debug|Any CPU.Build.0 = Debug|Any CPU
		{BF4EEE0B-993C-43C5-9941-63E6F440FFA5}.Debug|x64.ActiveCfg = Debug|Any CPU
		{BF4EEE0B-993C-43C5-9941-63E6F440FFA5}.Debug|x64.Build.0 = Debug|Any CPU
		{BF4EEE0B-993C-43C5-9941-63E6F440FFA5}.Debug|x86.ActiveCfg = Debug|Any CPU
		{BF4EEE0B-993C-43C5-9941-63E6F440FFA5}.Debug|x86.Build.0 = Debug|Any CPU
		{BF4EEE0B-993C-43C5-9941-63E6F440FFA5}.Release|Any CPU.ActiveCfg = Release|Any CPU
		{BF4EEE0B-993C-43C5-9941-63E6F440FFA5}.Release|Any CPU.Build.0 = Release|Any CPU
		{BF4EEE0B-993C-43C5-9941-63E6F440FFA5}.Release|x64.ActiveCfg = Release|Any CPU
		{BF4EEE0B-993C-43C5-9941-63E6F440FFA5}.Release|x64.Build.0 = Release|Any CPU
		{BF4EEE0B-993C-43C5-9941-63E6F440FFA5}.Release|x86.ActiveCfg = Release|Any CPU
		{BF4EEE0B-993C-43C5-9941-63E6F440FFA5}.Release|x86.Build.0 = Release|Any CPU
		{BA97AD79-FFF0-4F97-9E8A-33E567F6C091}.Debug|Any CPU.ActiveCfg = Debug|Any CPU
		{BA97AD79-FFF0-4F97-9E8A-33E567F6C091}.Debug|Any CPU.Build.0 = Debug|Any CPU
		{BA97AD79-FFF0-4F97-9E8A-33E567F6C091}.Debug|x64.ActiveCfg = Debug|Any CPU
		{BA97AD79-FFF0-4F97-9E8A-33E567F6C091}.Debug|x64.Build.0 = Debug|Any CPU
		{BA97AD79-FFF0-4F97-9E8A-33E567F6C091}.Debug|x86.ActiveCfg = Debug|Any CPU
		{BA97AD79-FFF0-4F97-9E8A-33E567F6C091}.Debug|x86.Build.0 = Debug|Any CPU
		{BA97AD79-FFF0-4F97-9E8A-33E567F6C091}.Release|Any CPU.ActiveCfg = Release|Any CPU
		{BA97AD79-FFF0-4F97-9E8A-33E567F6C091}.Release|Any CPU.Build.0 = Release|Any CPU
		{BA97AD79-FFF0-4F97-9E8A-33E567F6C091}.Release|x64.ActiveCfg = Release|Any CPU
		{BA97AD79-FFF0-4F97-9E8A-33E567F6C091}.Release|x64.Build.0 = Release|Any CPU
		{BA97AD79-FFF0-4F97-9E8A-33E567F6C091}.Release|x86.ActiveCfg = Release|Any CPU
		{BA97AD79-FFF0-4F97-9E8A-33E567F6C091}.Release|x86.Build.0 = Release|Any CPU
		{17D2B6A1-50BD-473E-83A4-9D739D2301B8}.Debug|Any CPU.ActiveCfg = Debug|Any CPU
		{17D2B6A1-50BD-473E-83A4-9D739D2301B8}.Debug|Any CPU.Build.0 = Debug|Any CPU
		{17D2B6A1-50BD-473E-83A4-9D739D2301B8}.Debug|x64.ActiveCfg = Debug|Any CPU
		{17D2B6A1-50BD-473E-83A4-9D739D2301B8}.Debug|x64.Build.0 = Debug|Any CPU
		{17D2B6A1-50BD-473E-83A4-9D739D2301B8}.Debug|x86.ActiveCfg = Debug|Any CPU
		{17D2B6A1-50BD-473E-83A4-9D739D2301B8}.Debug|x86.Build.0 = Debug|Any CPU
		{17D2B6A1-50BD-473E-83A4-9D739D2301B8}.Release|Any CPU.ActiveCfg = Release|Any CPU
		{17D2B6A1-50BD-473E-83A4-9D739D2301B8}.Release|Any CPU.Build.0 = Release|Any CPU
		{17D2B6A1-50BD-473E-83A4-9D739D2301B8}.Release|x64.ActiveCfg = Release|Any CPU
		{17D2B6A1-50BD-473E-83A4-9D739D2301B8}.Release|x64.Build.0 = Release|Any CPU
		{17D2B6A1-50BD-473E-83A4-9D739D2301B8}.Release|x86.ActiveCfg = Release|Any CPU
		{17D2B6A1-50BD-473E-83A4-9D739D2301B8}.Release|x86.Build.0 = Release|Any CPU
		{0D25D1AA-E02E-441D-936B-4F17759BF083}.Debug|Any CPU.ActiveCfg = Debug|x64
		{0D25D1AA-E02E-441D-936B-4F17759BF083}.Debug|Any CPU.Build.0 = Debug|x64
		{0D25D1AA-E02E-441D-936B-4F17759BF083}.Debug|x64.ActiveCfg = Debug|x64
		{0D25D1AA-E02E-441D-936B-4F17759BF083}.Debug|x64.Build.0 = Debug|x64
		{0D25D1AA-E02E-441D-936B-4F17759BF083}.Debug|x86.ActiveCfg = Debug|Win32
		{0D25D1AA-E02E-441D-936B-4F17759BF083}.Debug|x86.Build.0 = Debug|Win32
		{0D25D1AA-E02E-441D-936B-4F17759BF083}.Release|Any CPU.ActiveCfg = Release|x64
		{0D25D1AA-E02E-441D-936B-4F17759BF083}.Release|Any CPU.Build.0 = Release|x64
		{0D25D1AA-E02E-441D-936B-4F17759BF083}.Release|x64.ActiveCfg = Release|x64
		{0D25D1AA-E02E-441D-936B-4F17759BF083}.Release|x64.Build.0 = Release|x64
		{0D25D1AA-E02E-441D-936B-4F17759BF083}.Release|x86.ActiveCfg = Release|Win32
		{0D25D1AA-E02E-441D-936B-4F17759BF083}.Release|x86.Build.0 = Release|Win32
		{B300BA64-2C5D-4C2C-AD9E-F053236ED3B3}.Debug|Any CPU.ActiveCfg = Debug|x64
		{B300BA64-2C5D-4C2C-AD9E-F053236ED3B3}.Debug|Any CPU.Build.0 = Debug|x64
		{B300BA64-2C5D-4C2C-AD9E-F053236ED3B3}.Debug|x64.ActiveCfg = Debug|x64
		{B300BA64-2C5D-4C2C-AD9E-F053236ED3B3}.Debug|x64.Build.0 = Debug|x64
		{B300BA64-2C5D-4C2C-AD9E-F053236ED3B3}.Debug|x86.ActiveCfg = Debug|Win32
		{B300BA64-2C5D-4C2C-AD9E-F053236ED3B3}.Debug|x86.Build.0 = Debug|Win32
		{B300BA64-2C5D-4C2C-AD9E-F053236ED3B3}.Release|Any CPU.ActiveCfg = Release|x64
		{B300BA64-2C5D-4C2C-AD9E-F053236ED3B3}.Release|Any CPU.Build.0 = Release|x64
		{B300BA64-2C5D-4C2C-AD9E-F053236ED3B3}.Release|x64.ActiveCfg = Release|x64
		{B300BA64-2C5D-4C2C-AD9E-F053236ED3B3}.Release|x64.Build.0 = Release|x64
		{B300BA64-2C5D-4C2C-AD9E-F053236ED3B3}.Release|x86.ActiveCfg = Release|Win32
		{B300BA64-2C5D-4C2C-AD9E-F053236ED3B3}.Release|x86.Build.0 = Release|Win32
		{4B28D7E3-5140-4795-8C26-536EDDB54E89}.Debug|Any CPU.ActiveCfg = Debug|x64
		{4B28D7E3-5140-4795-8C26-536EDDB54E89}.Debug|Any CPU.Build.0 = Debug|x64
		{4B28D7E3-5140-4795-8C26-536EDDB54E89}.Debug|x64.ActiveCfg = Debug|x64
		{4B28D7E3-5140-4795-8C26-536EDDB54E89}.Debug|x64.Build.0 = Debug|x64
		{4B28D7E3-5140-4795-8C26-536EDDB54E89}.Debug|x86.ActiveCfg = Debug|Win32
		{4B28D7E3-5140-4795-8C26-536EDDB54E89}.Debug|x86.Build.0 = Debug|Win32
		{4B28D7E3-5140-4795-8C26-536EDDB54E89}.Release|Any CPU.ActiveCfg = Release|x64
		{4B28D7E3-5140-4795-8C26-536EDDB54E89}.Release|Any CPU.Build.0 = Release|x64
		{4B28D7E3-5140-4795-8C26-536EDDB54E89}.Release|x64.ActiveCfg = Release|x64
		{4B28D7E3-5140-4795-8C26-536EDDB54E89}.Release|x64.Build.0 = Release|x64
		{4B28D7E3-5140-4795-8C26-536EDDB54E89}.Release|x86.ActiveCfg = Release|Win32
		{4B28D7E3-5140-4795-8C26-536EDDB54E89}.Release|x86.Build.0 = Release|Win32
		{35171BEB-8313-420B-BF78-5CA93609D9B0}.Debug|Any CPU.ActiveCfg = Debug|x64
		{35171BEB-8313-420B-BF78-5CA93609D9B0}.Debug|Any CPU.Build.0 = Debug|x64
		{35171BEB-8313-420B-BF78-5CA93609D9B0}.Debug|x64.ActiveCfg = Debug|x64
		{35171BEB-8313-420B-BF78-5CA93609D9B0}.Debug|x64.Build.0 = Debug|x64
		{35171BEB-8313-420B-BF78-5CA93609D9B0}.Debug|x86.ActiveCfg = Debug|Win32
		{35171BEB-8313-420B-BF78-5CA93609D9B0}.Debug|x86.Build.0 = Debug|Win32
		{35171BEB-8313-420B-BF78-5CA93609D9B0}.Release|Any CPU.ActiveCfg = Release|x64
		{35171BEB-8313-420B-BF78-5CA93609D9B0}.Release|Any CPU.Build.0 = Release|x64
		{35171BEB-8313-420B-BF78-5CA93609D9B0}.Release|x64.ActiveCfg = Release|x64
		{35171BEB-8313-420B-BF78-5CA93609D9B0}.Release|x64.Build.0 = Release|x64
		{35171BEB-8313-420B-BF78-5CA93609D9B0}.Release|x86.ActiveCfg = Release|Win32
		{35171BEB-8313-420B-BF78-5CA93609D9B0}.Release|x86.Build.0 = Release|Win32
		{96DB812F-18B8-448E-8EEB-8B6168E96D0F}.Debug|Any CPU.ActiveCfg = Debug|x64
		{96DB812F-18B8-448E-8EEB-8B6168E96D0F}.Debug|Any CPU.Build.0 = Debug|x64
		{96DB812F-18B8-448E-8EEB-8B6168E96D0F}.Debug|x64.ActiveCfg = Debug|x64
		{96DB812F-18B8-448E-8EEB-8B6168E96D0F}.Debug|x64.Build.0 = Debug|x64
		{96DB812F-18B8-448E-8EEB-8B6168E96D0F}.Debug|x86.ActiveCfg = Debug|Win32
		{96DB812F-18B8-448E-8EEB-8B6168E96D0F}.Debug|x86.Build.0 = Debug|Win32
		{96DB812F-18B8-448E-8EEB-8B6168E96D0F}.Release|Any CPU.ActiveCfg = Release|x64
		{96DB812F-18B8-448E-8EEB-8B6168E96D0F}.Release|Any CPU.Build.0 = Release|x64
		{96DB812F-18B8-448E-8EEB-8B6168E96D0F}.Release|x64.ActiveCfg = Release|x64
		{96DB812F-18B8-448E-8EEB-8B6168E96D0F}.Release|x64.Build.0 = Release|x64
		{96DB812F-18B8-448E-8EEB-8B6168E96D0F}.Release|x86.ActiveCfg = Release|Win32
		{96DB812F-18B8-448E-8EEB-8B6168E96D0F}.Release|x86.Build.0 = Release|Win32
		{96F97244-3E68-476D-B58B-5061BBC93B07}.Debug|Any CPU.ActiveCfg = Debug|x64
		{96F97244-3E68-476D-B58B-5061BBC93B07}.Debug|Any CPU.Build.0 = Debug|x64
		{96F97244-3E68-476D-B58B-5061BBC93B07}.Debug|x64.ActiveCfg = Debug|x64
		{96F97244-3E68-476D-B58B-5061BBC93B07}.Debug|x64.Build.0 = Debug|x64
		{96F97244-3E68-476D-B58B-5061BBC93B07}.Debug|x86.ActiveCfg = Debug|Win32
		{96F97244-3E68-476D-B58B-5061BBC93B07}.Debug|x86.Build.0 = Debug|Win32
		{96F97244-3E68-476D-B58B-5061BBC93B07}.Release|Any CPU.ActiveCfg = Release|x64
		{96F97244-3E68-476D-B58B-5061BBC93B07}.Release|Any CPU.Build.0 = Release|x64
		{96F97244-3E68-476D-B58B-5061BBC93B07}.Release|x64.ActiveCfg = Release|x64
		{96F97244-3E68-476D-B58B-5061BBC93B07}.Release|x64.Build.0 = Release|x64
		{96F97244-3E68-476D-B58B-5061BBC93B07}.Release|x86.ActiveCfg = Release|Win32
		{96F97244-3E68-476D-B58B-5061BBC93B07}.Release|x86.Build.0 = Release|Win32
	EndGlobalSection
	GlobalSection(SolutionProperties) = preSolution
		HideSolutionNode = FALSE
	EndGlobalSection
	GlobalSection(NestedProjects) = preSolution
		{64FD3643-FD9F-48AD-9E71-8D631B57DF3E} = {F79CCF43-803C-4BC3-8CF0-50F6B03CF0B7}
		{BF4EEE0B-993C-43C5-9941-63E6F440FFA5} = {F79CCF43-803C-4BC3-8CF0-50F6B03CF0B7}
		{4CC1E59E-F678-4DC3-873D-C8A214A581AB} = {F79CCF43-803C-4BC3-8CF0-50F6B03CF0B7}
		{BA97AD79-FFF0-4F97-9E8A-33E567F6C091} = {4CC1E59E-F678-4DC3-873D-C8A214A581AB}
		{17D2B6A1-50BD-473E-83A4-9D739D2301B8} = {F55A3145-C2C4-467A-9A0F-796257C342D2}
		{0D25D1AA-E02E-441D-936B-4F17759BF083} = {F55A3145-C2C4-467A-9A0F-796257C342D2}
		{B300BA64-2C5D-4C2C-AD9E-F053236ED3B3} = {18B5C395-D12E-48E2-8891-BECADC489CFC}
		{4B28D7E3-5140-4795-8C26-536EDDB54E89} = {18B5C395-D12E-48E2-8891-BECADC489CFC}
		{76A613DA-7EFF-4A04-ACCA-6544769B5883} = {18B5C395-D12E-48E2-8891-BECADC489CFC}
		{35171BEB-8313-420B-BF78-5CA93609D9B0} = {76A613DA-7EFF-4A04-ACCA-6544769B5883}
		{197F083F-9293-4ACA-AC09-4A30D2FEB1C8} = {18B5C395-D12E-48E2-8891-BECADC489CFC}
		{96DB812F-18B8-448E-8EEB-8B6168E96D0F} = {197F083F-9293-4ACA-AC09-4A30D2FEB1C8}
		{96F97244-3E68-476D-B58B-5061BBC93B07} = {197F083F-9293-4ACA-AC09-4A30D2FEB1C8}
	EndGlobalSection
	GlobalSection(ExtensibilityGlobals) = postSolution
		SolutionGuid = {21682C97-0AFC-4217-A447-8698D1D17A40}
	EndGlobalSection
EndGlobal
